// !$*UTF8*$!
{
	archiveVersion = 1;
	classes = {
	};
	objectVersion = 50;
	objects = {

/* Begin PBXBuildFile section */
		9A384D002086459200C6F12A /* HomeViewController.swift in Sources */ = {isa = PBXBuildFile; fileRef = 9A384CFF2086459200C6F12A /* HomeViewController.swift */; };
		9A384D02208652EC00C6F12A /* HomeChildViewController2.swift in Sources */ = {isa = PBXBuildFile; fileRef = 9A384D01208652EC00C6F12A /* HomeChildViewController2.swift */; };
		9A6B151F207F3CBF00113D1B /* AppDelegate.swift in Sources */ = {isa = PBXBuildFile; fileRef = 9A6B151E207F3CBF00113D1B /* AppDelegate.swift */; };
		9A6B1521207F3CBF00113D1B /* ViewController.swift in Sources */ = {isa = PBXBuildFile; fileRef = 9A6B1520207F3CBF00113D1B /* ViewController.swift */; };
		9A6B1524207F3CBF00113D1B /* Main.storyboard in Resources */ = {isa = PBXBuildFile; fileRef = 9A6B1522207F3CBF00113D1B /* Main.storyboard */; };
		9A6B1526207F3CC000113D1B /* Assets.xcassets in Resources */ = {isa = PBXBuildFile; fileRef = 9A6B1525207F3CC000113D1B /* Assets.xcassets */; };
		9A6B1529207F3CC000113D1B /* LaunchScreen.storyboard in Resources */ = {isa = PBXBuildFile; fileRef = 9A6B1527207F3CC000113D1B /* LaunchScreen.storyboard */; };
		9A6B1531207F3D0A00113D1B /* MenuView.swift in Sources */ = {isa = PBXBuildFile; fileRef = 9A6B1530207F3D0A00113D1B /* MenuView.swift */; };
		9A79E5212085E1E70005D80F /* MenuViewController.swift in Sources */ = {isa = PBXBuildFile; fileRef = 9A79E5202085E1E70005D80F /* MenuViewController.swift */; };
		9A79E5232085E5A80005D80F /* HomeChildViewController.swift in Sources */ = {isa = PBXBuildFile; fileRef = 9A79E5222085E5A80005D80F /* HomeChildViewController.swift */; };
		9A79E5252085E7E40005D80F /* Constants+View.swift in Sources */ = {isa = PBXBuildFile; fileRef = 9A79E5242085E7E40005D80F /* Constants+View.swift */; };
		9ABDC96620DCDADE00000D8E /* MenuViewItem.swift in Sources */ = {isa = PBXBuildFile; fileRef = 9ABDC96520DCDADE00000D8E /* MenuViewItem.swift */; };
		9ABDC96820DCE89D00000D8E /* old-MenuView.swift in Sources */ = {isa = PBXBuildFile; fileRef = 9ABDC96720DCE89D00000D8E /* old-MenuView.swift */; };
/* End PBXBuildFile section */

/* Begin PBXFileReference section */
		9A384CFF2086459200C6F12A /* HomeViewController.swift */ = {isa = PBXFileReference; lastKnownFileType = sourcecode.swift; path = HomeViewController.swift; sourceTree = "<group>"; };
		9A384D01208652EC00C6F12A /* HomeChildViewController2.swift */ = {isa = PBXFileReference; lastKnownFileType = sourcecode.swift; path = HomeChildViewController2.swift; sourceTree = "<group>"; };
		9A6B151B207F3CBE00113D1B /* MenuView.app */ = {isa = PBXFileReference; explicitFileType = wrapper.application; includeInIndex = 0; path = MenuView.app; sourceTree = BUILT_PRODUCTS_DIR; };
		9A6B151E207F3CBF00113D1B /* AppDelegate.swift */ = {isa = PBXFileReference; lastKnownFileType = sourcecode.swift; path = AppDelegate.swift; sourceTree = "<group>"; };
		9A6B1520207F3CBF00113D1B /* ViewController.swift */ = {isa = PBXFileReference; lastKnownFileType = sourcecode.swift; path = ViewController.swift; sourceTree = "<group>"; };
		9A6B1523207F3CBF00113D1B /* Base */ = {isa = PBXFileReference; lastKnownFileType = file.storyboard; name = Base; path = Base.lproj/Main.storyboard; sourceTree = "<group>"; };
		9A6B1525207F3CC000113D1B /* Assets.xcassets */ = {isa = PBXFileReference; lastKnownFileType = folder.assetcatalog; path = Assets.xcassets; sourceTree = "<group>"; };
		9A6B1528207F3CC000113D1B /* Base */ = {isa = PBXFileReference; lastKnownFileType = file.storyboard; name = Base; path = Base.lproj/LaunchScreen.storyboard; sourceTree = "<group>"; };
		9A6B152A207F3CC000113D1B /* Info.plist */ = {isa = PBXFileReference; lastKnownFileType = text.plist.xml; path = Info.plist; sourceTree = "<group>"; };
		9A6B1530207F3D0A00113D1B /* MenuView.swift */ = {isa = PBXFileReference; lastKnownFileType = sourcecode.swift; path = MenuView.swift; sourceTree = "<group>"; };
		9A79E5202085E1E70005D80F /* MenuViewController.swift */ = {isa = PBXFileReference; lastKnownFileType = sourcecode.swift; path = MenuViewController.swift; sourceTree = "<group>"; };
		9A79E5222085E5A80005D80F /* HomeChildViewController.swift */ = {isa = PBXFileReference; lastKnownFileType = sourcecode.swift; path = HomeChildViewController.swift; sourceTree = "<group>"; };
		9A79E5242085E7E40005D80F /* Constants+View.swift */ = {isa = PBXFileReference; fileEncoding = 4; lastKnownFileType = sourcecode.swift; path = "Constants+View.swift"; sourceTree = "<group>"; };
		9ABDC96520DCDADE00000D8E /* MenuViewItem.swift */ = {isa = PBXFileReference; lastKnownFileType = sourcecode.swift; path = MenuViewItem.swift; sourceTree = "<group>"; };
		9ABDC96720DCE89D00000D8E /* old-MenuView.swift */ = {isa = PBXFileReference; lastKnownFileType = sourcecode.swift; path = "old-MenuView.swift"; sourceTree = "<group>"; };
/* End PBXFileReference section */

/* Begin PBXFrameworksBuildPhase section */
		9A6B1518207F3CBE00113D1B /* Frameworks */ = {
			isa = PBXFrameworksBuildPhase;
			buildActionMask = 2147483647;
			files = (
			);
			runOnlyForDeploymentPostprocessing = 0;
		};
/* End PBXFrameworksBuildPhase section */

/* Begin PBXGroup section */
		9A6B1512207F3CBE00113D1B = {
			isa = PBXGroup;
			children = (
				9A6B151D207F3CBE00113D1B /* MenuView */,
				9A6B151C207F3CBE00113D1B /* Products */,
			);
			sourceTree = "<group>";
		};
		9A6B151C207F3CBE00113D1B /* Products */ = {
			isa = PBXGroup;
			children = (
				9A6B151B207F3CBE00113D1B /* MenuView.app */,
			);
			name = Products;
			sourceTree = "<group>";
		};
		9A6B151D207F3CBE00113D1B /* MenuView */ = {
			isa = PBXGroup;
			children = (
				9A6B151E207F3CBF00113D1B /* AppDelegate.swift */,
				9A6B1520207F3CBF00113D1B /* ViewController.swift */,
				9A6B1530207F3D0A00113D1B /* MenuView.swift */,
				9ABDC96520DCDADE00000D8E /* MenuViewItem.swift */,
				9ABDC96720DCE89D00000D8E /* old-MenuView.swift */,
				9A79E5202085E1E70005D80F /* MenuViewController.swift */,
				9A384CFF2086459200C6F12A /* HomeViewController.swift */,
				9A79E5222085E5A80005D80F /* HomeChildViewController.swift */,
				9A384D01208652EC00C6F12A /* HomeChildViewController2.swift */,
				9A79E5242085E7E40005D80F /* Constants+View.swift */,
				9A6B1522207F3CBF00113D1B /* Main.storyboard */,
				9A6B1525207F3CC000113D1B /* Assets.xcassets */,
				9A6B1527207F3CC000113D1B /* LaunchScreen.storyboard */,
				9A6B152A207F3CC000113D1B /* Info.plist */,
			);
			path = MenuView;
			sourceTree = "<group>";
		};
/* End PBXGroup section */

/* Begin PBXNativeTarget section */
		9A6B151A207F3CBE00113D1B /* MenuView */ = {
			isa = PBXNativeTarget;
			buildConfigurationList = 9A6B152D207F3CC000113D1B /* Build configuration list for PBXNativeTarget "MenuView" */;
			buildPhases = (
				9A6B1517207F3CBE00113D1B /* Sources */,
				9A6B1518207F3CBE00113D1B /* Frameworks */,
				9A6B1519207F3CBE00113D1B /* Resources */,
			);
			buildRules = (
			);
			dependencies = (
			);
			name = MenuView;
			productName = MenuView;
			productReference = 9A6B151B207F3CBE00113D1B /* MenuView.app */;
			productType = "com.apple.product-type.application";
		};
/* End PBXNativeTarget section */

/* Begin PBXProject section */
		9A6B1513207F3CBE00113D1B /* Project object */ = {
			isa = PBXProject;
			attributes = {
				LastSwiftUpdateCheck = 0930;
				LastUpgradeCheck = 0930;
				ORGANIZATIONNAME = "雷广";
				TargetAttributes = {
					9A6B151A207F3CBE00113D1B = {
						CreatedOnToolsVersion = 9.3;
					};
				};
			};
			buildConfigurationList = 9A6B1516207F3CBE00113D1B /* Build configuration list for PBXProject "MenuView" */;
			compatibilityVersion = "Xcode 9.3";
			developmentRegion = en;
			hasScannedForEncodings = 0;
			knownRegions = (
				en,
				Base,
			);
			mainGroup = 9A6B1512207F3CBE00113D1B;
			productRefGroup = 9A6B151C207F3CBE00113D1B /* Products */;
			projectDirPath = "";
			projectRoot = "";
			targets = (
				9A6B151A207F3CBE00113D1B /* MenuView */,
			);
		};
/* End PBXProject section */

/* Begin PBXResourcesBuildPhase section */
		9A6B1519207F3CBE00113D1B /* Resources */ = {
			isa = PBXResourcesBuildPhase;
			buildActionMask = 2147483647;
			files = (
				9A6B1529207F3CC000113D1B /* LaunchScreen.storyboard in Resources */,
				9A6B1526207F3CC000113D1B /* Assets.xcassets in Resources */,
				9A6B1524207F3CBF00113D1B /* Main.storyboard in Resources */,
			);
			runOnlyForDeploymentPostprocessing = 0;
		};
/* End PBXResourcesBuildPhase section */

/* Begin PBXSourcesBuildPhase section */
		9A6B1517207F3CBE00113D1B /* Sources */ = {
			isa = PBXSourcesBuildPhase;
			buildActionMask = 2147483647;
			files = (
				9A6B1521207F3CBF00113D1B /* ViewController.swift in Sources */,
				9A6B1531207F3D0A00113D1B /* MenuView.swift in Sources */,
				9A79E5232085E5A80005D80F /* HomeChildViewController.swift in Sources */,
				9A6B151F207F3CBF00113D1B /* AppDelegate.swift in Sources */,
				9ABDC96620DCDADE00000D8E /* MenuViewItem.swift in Sources */,
				9A79E5252085E7E40005D80F /* Constants+View.swift in Sources */,
				9A384D002086459200C6F12A /* HomeViewController.swift in Sources */,
				9A79E5212085E1E70005D80F /* MenuViewController.swift in Sources */,
				9A384D02208652EC00C6F12A /* HomeChildViewController2.swift in Sources */,
				9ABDC96820DCE89D00000D8E /* old-MenuView.swift in Sources */,
			);
			runOnlyForDeploymentPostprocessing = 0;
		};
/* End PBXSourcesBuildPhase section */

/* Begin PBXVariantGroup section */
		9A6B1522207F3CBF00113D1B /* Main.storyboard */ = {
			isa = PBXVariantGroup;
			children = (
				9A6B1523207F3CBF00113D1B /* Base */,
			);
			name = Main.storyboard;
			sourceTree = "<group>";
		};
		9A6B1527207F3CC000113D1B /* LaunchScreen.storyboard */ = {
			isa = PBXVariantGroup;
			children = (
				9A6B1528207F3CC000113D1B /* Base */,
			);
			name = LaunchScreen.storyboard;
			sourceTree = "<group>";
		};
/* End PBXVariantGroup section */

/* Begin XCBuildConfiguration section */
		9A6B152B207F3CC000113D1B /* Debug */ = {
			isa = XCBuildConfiguration;
			buildSettings = {
				ALWAYS_SEARCH_USER_PATHS = NO;
				CLANG_ANALYZER_NONNULL = YES;
				CLANG_ANALYZER_NUMBER_OBJECT_CONVERSION = YES_AGGRESSIVE;
				CLANG_CXX_LANGUAGE_STANDARD = "gnu++14";
				CLANG_CXX_LIBRARY = "libc++";
				CLANG_ENABLE_MODULES = YES;
				CLANG_ENABLE_OBJC_ARC = YES;
				CLANG_ENABLE_OBJC_WEAK = YES;
				CLANG_WARN_BLOCK_CAPTURE_AUTORELEASING = YES;
				CLANG_WARN_BOOL_CONVERSION = YES;
				CLANG_WARN_COMMA = YES;
				CLANG_WARN_CONSTANT_CONVERSION = YES;
				CLANG_WARN_DEPRECATED_OBJC_IMPLEMENTATIONS = YES;
				CLANG_WARN_DIRECT_OBJC_ISA_USAGE = YES_ERROR;
				CLANG_WARN_DOCUMENTATION_COMMENTS = YES;
				CLANG_WARN_EMPTY_BODY = YES;
				CLANG_WARN_ENUM_CONVERSION = YES;
				CLANG_WARN_INFINITE_RECURSION = YES;
				CLANG_WARN_INT_CONVERSION = YES;
				CLANG_WARN_NON_LITERAL_NULL_CONVERSION = YES;
				CLANG_WARN_OBJC_IMPLICIT_RETAIN_SELF = YES;
				CLANG_WARN_OBJC_LITERAL_CONVERSION = YES;
				CLANG_WARN_OBJC_ROOT_CLASS = YES_ERROR;
				CLANG_WARN_RANGE_LOOP_ANALYSIS = YES;
				CLANG_WARN_STRICT_PROTOTYPES = YES;
				CLANG_WARN_SUSPICIOUS_MOVE = YES;
				CLANG_WARN_UNGUARDED_AVAILABILITY = YES_AGGRESSIVE;
				CLANG_WARN_UNREACHABLE_CODE = YES;
				CLANG_WARN__DUPLICATE_METHOD_MATCH = YES;
				CODE_SIGN_IDENTITY = "iPhone Developer";
				COPY_PHASE_STRIP = NO;
				DEBUG_INFORMATION_FORMAT = dwarf;
				ENABLE_STRICT_OBJC_MSGSEND = YES;
				ENABLE_TESTABILITY = YES;
				GCC_C_LANGUAGE_STANDARD = gnu11;
				GCC_DYNAMIC_NO_PIC = NO;
				GCC_NO_COMMON_BLOCKS = YES;
				GCC_OPTIMIZATION_LEVEL = 0;
				GCC_PREPROCESSOR_DEFINITIONS = (
					"DEBUG=1",
					"$(inherited)",
				);
				GCC_WARN_64_TO_32_BIT_CONVERSION = YES;
				GCC_WARN_ABOUT_RETURN_TYPE = YES_ERROR;
				GCC_WARN_UNDECLARED_SELECTOR = YES;
				GCC_WARN_UNINITIALIZED_AUTOS = YES_AGGRESSIVE;
				GCC_WARN_UNUSED_FUNCTION = YES;
				GCC_WARN_UNUSED_VARIABLE = YES;
				IPHONEOS_DEPLOYMENT_TARGET = 9.0;
				MTL_ENABLE_DEBUG_INFO = YES;
				ONLY_ACTIVE_ARCH = YES;
				SDKROOT = iphoneos;
				SWIFT_ACTIVE_COMPILATION_CONDITIONS = DEBUG;
				SWIFT_OPTIMIZATION_LEVEL = "-Onone";
			};
			name = Debug;
		};
		9A6B152C207F3CC000113D1B /* Release */ = {
			isa = XCBuildConfiguration;
			buildSettings = {
				ALWAYS_SEARCH_USER_PATHS = NO;
				CLANG_ANALYZER_NONNULL = YES;
				CLANG_ANALYZER_NUMBER_OBJECT_CONVERSION = YES_AGGRESSIVE;
				CLANG_CXX_LANGUAGE_STANDARD = "gnu++14";
				CLANG_CXX_LIBRARY = "libc++";
				CLANG_ENABLE_MODULES = YES;
				CLANG_ENABLE_OBJC_ARC = YES;
				CLANG_ENABLE_OBJC_WEAK = YES;
				CLANG_WARN_BLOCK_CAPTURE_AUTORELEASING = YES;
				CLANG_WARN_BOOL_CONVERSION = YES;
				CLANG_WARN_COMMA = YES;
				CLANG_WARN_CONSTANT_CONVERSION = YES;
				CLANG_WARN_DEPRECATED_OBJC_IMPLEMENTATIONS = YES;
				CLANG_WARN_DIRECT_OBJC_ISA_USAGE = YES_ERROR;
				CLANG_WARN_DOCUMENTATION_COMMENTS = YES;
				CLANG_WARN_EMPTY_BODY = YES;
				CLANG_WARN_ENUM_CONVERSION = YES;
				CLANG_WARN_INFINITE_RECURSION = YES;
				CLANG_WARN_INT_CONVERSION = YES;
				CLANG_WARN_NON_LITERAL_NULL_CONVERSION = YES;
				CLANG_WARN_OBJC_IMPLICIT_RETAIN_SELF = YES;
				CLANG_WARN_OBJC_LITERAL_CONVERSION = YES;
				CLANG_WARN_OBJC_ROOT_CLASS = YES_ERROR;
				CLANG_WARN_RANGE_LOOP_ANALYSIS = YES;
				CLANG_WARN_STRICT_PROTOTYPES = YES;
				CLANG_WARN_SUSPICIOUS_MOVE = YES;
				CLANG_WARN_UNGUARDED_AVAILABILITY = YES_AGGRESSIVE;
				CLANG_WARN_UNREACHABLE_CODE = YES;
				CLANG_WARN__DUPLICATE_METHOD_MATCH = YES;
				CODE_SIGN_IDENTITY = "iPhone Developer";
				COPY_PHASE_STRIP = NO;
				DEBUG_INFORMATION_FORMAT = "dwarf-with-dsym";
				ENABLE_NS_ASSERTIONS = NO;
				ENABLE_STRICT_OBJC_MSGSEND = YES;
				GCC_C_LANGUAGE_STANDARD = gnu11;
				GCC_NO_COMMON_BLOCKS = YES;
				GCC_WARN_64_TO_32_BIT_CONVERSION = YES;
				GCC_WARN_ABOUT_RETURN_TYPE = YES_ERROR;
				GCC_WARN_UNDECLARED_SELECTOR = YES;
				GCC_WARN_UNINITIALIZED_AUTOS = YES_AGGRESSIVE;
				GCC_WARN_UNUSED_FUNCTION = YES;
				GCC_WARN_UNUSED_VARIABLE = YES;
				IPHONEOS_DEPLOYMENT_TARGET = 9.0;
				MTL_ENABLE_DEBUG_INFO = NO;
				SDKROOT = iphoneos;
				SWIFT_COMPILATION_MODE = wholemodule;
				SWIFT_OPTIMIZATION_LEVEL = "-O";
				VALIDATE_PRODUCT = YES;
			};
			name = Release;
		};
		9A6B152E207F3CC000113D1B /* Debug */ = {
			isa = XCBuildConfiguration;
			buildSettings = {
				ASSETCATALOG_COMPILER_APPICON_NAME = AppIcon;
				CODE_SIGN_IDENTITY = "iPhone Developer";
				CODE_SIGN_STYLE = Automatic;
				DEVELOPMENT_TEAM = 8Y83DYJ394;
				INFOPLIST_FILE = MenuView/Info.plist;
				LD_RUNPATH_SEARCH_PATHS = (
					"$(inherited)",
					"@executable_path/Frameworks",
				);
				PRODUCT_BUNDLE_IDENTIFIER = com.leiguang.MenuView;
				PRODUCT_NAME = "$(TARGET_NAME)";
				PROVISIONING_PROFILE_SPECIFIER = "";
				SWIFT_VERSION = 4.0;
				TARGETED_DEVICE_FAMILY = "1,2";
			};
			name = Debug;
		};
		9A6B152F207F3CC000113D1B /* Release */ = {
			isa = XCBuildConfiguration;
			buildSettings = {
				ASSETCATALOG_COMPILER_APPICON_NAME = AppIcon;
				CODE_SIGN_IDENTITY = "iPhone Developer";
				CODE_SIGN_STYLE = Automatic;
				DEVELOPMENT_TEAM = 8Y83DYJ394;
				INFOPLIST_FILE = MenuView/Info.plist;
				LD_RUNPATH_SEARCH_PATHS = (
					"$(inherited)",
					"@executable_path/Frameworks",
				);
				PRODUCT_BUNDLE_IDENTIFIER = com.leiguang.MenuView;
				PRODUCT_NAME = "$(TARGET_NAME)";
				PROVISIONING_PROFILE_SPECIFIER = "";
				SWIFT_VERSION = 4.0;
				TARGETED_DEVICE_FAMILY = "1,2";
			};
			name = Release;
		};
/* End XCBuildConfiguration section */

/* Begin XCConfigurationList section */
		9A6B1516207F3CBE00113D1B /* Build configuration list for PBXProject "MenuView" */ = {
			isa = XCConfigurationList;
			buildConfigurations = (
				9A6B152B207F3CC000113D1B /* Debug */,
				9A6B152C207F3CC000113D1B /* Release */,
			);
			defaultConfigurationIsVisible = 0;
			defaultConfigurationName = Release;
		};
		9A6B152D207F3CC000113D1B /* Build configuration list for PBXNativeTarget "MenuView" */ = {
			isa = XCConfigurationList;
			buildConfigurations = (
				9A6B152E207F3CC000113D1B /* Debug */,
				9A6B152F207F3CC000113D1B /* Release */,
			);
			defaultConfigurationIsVisible = 0;
			defaultConfigurationName = Release;
		};
/* End XCConfigurationList section */
	};
	rootObject = 9A6B1513207F3CBE00113D1B /* Project object */;
}
